
Microsoft Visual Studio Solution File, Format Version 12.00
# Visual Studio Version 17
VisualStudioVersion = 17.0.31903.59
MinimumVisualStudioVersion = 10.0.40219.1
Project("{2150E333-8FDC-42A3-9474-1A3956D46DE8}") = "YoutubeSentimentProject", "YoutubeSentimentProject", "{C96F8431-4AA1-455A-9E35-95175F017D06}"
EndProject
Project("{2150E333-8FDC-42A3-9474-1A3956D46DE8}") = "src", "src", "{C997EDBE-1782-4B6F-A8BE-8FC0FDE9485C}"
EndProject
Project("{FAE04EC0-301F-11D3-BF4B-00C04F79EFBC}") = "YoutubeSentimentServer", "YoutubeSentimentProject\src\YoutubeSentimentServer\YoutubeSentimentServer.csproj", "{DD143488-449A-484D-979F-25338E571F6E}"
EndProject
Global
	GlobalSection(SolutionConfigurationPlatforms) = preSolution
		Debug|Any CPU = Debug|Any CPU
		Release|Any CPU = Release|Any CPU
	EndGlobalSection
	GlobalSection(SolutionProperties) = preSolution
		HideSolutionNode = FALSE
	EndGlobalSection
	GlobalSection(ProjectConfigurationPlatforms) = postSolution
		{DD143488-449A-484D-979F-25338E571F6E}.Debug|Any CPU.ActiveCfg = Debug|Any CPU
		{DD143488-449A-484D-979F-25338E571F6E}.Debug|Any CPU.Build.0 = Debug|Any CPU
		{DD143488-449A-484D-979F-25338E571F6E}.Release|Any CPU.ActiveCfg = Release|Any CPU
		{DD143488-449A-484D-979F-25338E571F6E}.Release|Any CPU.Build.0 = Release|Any CPU
	EndGlobalSection
	GlobalSection(NestedProjects) = preSolution
		{C997EDBE-1782-4B6F-A8BE-8FC0FDE9485C} = {C96F8431-4AA1-455A-9E35-95175F017D06}
		{DD143488-449A-484D-979F-25338E571F6E} = {C997EDBE-1782-4B6F-A8BE-8FC0FDE9485C}
	EndGlobalSection
EndGlobal
